
Microsoft Visual Studio Solution File, Format Version 12.00
# Visual Studio Version 17
VisualStudioVersion = 17.8.34511.84
MinimumVisualStudioVersion = 10.0.40219.1
Project("{FAE04EC0-301F-11D3-BF4B-00C04F79EFBC}") = "APP_API77", "APP_API77.csproj", "{49182E65-922A-4C16-86D2-FC3B1AB020F1}"
EndProject
Project("{FAE04EC0-301F-11D3-BF4B-00C04F79EFBC}") = "DAL", "..\DAL\DAL.csproj", "{F973DD46-96C6-4411-8B17-B64632F36C48}"
EndProject
Project("{FAE04EC0-301F-11D3-BF4B-00C04F79EFBC}") = "BLL", "..\BLL\BLL.csproj", "{92E0A25C-1F03-4BF4-BCF7-9BC3EB023D9C}"
EndProject
Project("{FAE04EC0-301F-11D3-BF4B-00C04F79EFBC}") = "ENTITY", "..\ENTITY\ENTITY.csproj", "{F2F3FF05-5800-45D1-9501-4A8C0377A38D}"
EndProject
Global
	GlobalSection(SolutionConfigurationPlatforms) = preSolution
		Debug|Any CPU = Debug|Any CPU
		Release|Any CPU = Release|Any CPU
	EndGlobalSection
	GlobalSection(ProjectConfigurationPlatforms) = postSolution
		{49182E65-922A-4C16-86D2-FC3B1AB020F1}.Debug|Any CPU.ActiveCfg = Debug|Any CPU
		{49182E65-922A-4C16-86D2-FC3B1AB020F1}.Debug|Any CPU.Build.0 = Debug|Any CPU
		{49182E65-922A-4C16-86D2-FC3B1AB020F1}.Release|Any CPU.ActiveCfg = Release|Any CPU
		{49182E65-922A-4C16-86D2-FC3B1AB020F1}.Release|Any CPU.Build.0 = Release|Any CPU
		{F973DD46-96C6-4411-8B17-B64632F36C48}.Debug|Any CPU.ActiveCfg = Debug|Any CPU
		{F973DD46-96C6-4411-8B17-B64632F36C48}.Debug|Any CPU.Build.0 = Debug|Any CPU
		{F973DD46-96C6-4411-8B17-B64632F36C48}.Release|Any CPU.ActiveCfg = Release|Any CPU
		{F973DD46-96C6-4411-8B17-B64632F36C48}.Release|Any CPU.Build.0 = Release|Any CPU
		{92E0A25C-1F03-4BF4-BCF7-9BC3EB023D9C}.Debug|Any CPU.ActiveCfg = Debug|Any CPU
		{92E0A25C-1F03-4BF4-BCF7-9BC3EB023D9C}.Debug|Any CPU.Build.0 = Debug|Any CPU
		{92E0A25C-1F03-4BF4-BCF7-9BC3EB023D9C}.Release|Any CPU.ActiveCfg = Release|Any CPU
		{92E0A25C-1F03-4BF4-BCF7-9BC3EB023D9C}.Release|Any CPU.Build.0 = Release|Any CPU
		{F2F3FF05-5800-45D1-9501-4A8C0377A38D}.Debug|Any CPU.ActiveCfg = Debug|Any CPU
		{F2F3FF05-5800-45D1-9501-4A8C0377A38D}.Debug|Any CPU.Build.0 = Debug|Any CPU
		{F2F3FF05-5800-45D1-9501-4A8C0377A38D}.Release|Any CPU.ActiveCfg = Release|Any CPU
		{F2F3FF05-5800-45D1-9501-4A8C0377A38D}.Release|Any CPU.Build.0 = Release|Any CPU
	EndGlobalSection
	GlobalSection(SolutionProperties) = preSolution
		HideSolutionNode = FALSE
	EndGlobalSection
	GlobalSection(ExtensibilityGlobals) = postSolution
		SolutionGuid = {587A7AC5-FCD7-4570-9147-97ED3CA372D0}
	EndGlobalSection
EndGlobal
